
Microsoft Visual Studio Solution File, Format Version 12.00
# Visual Studio Version 17
VisualStudioVersion = 17.3.32901.215
MinimumVisualStudioVersion = 10.0.40219.1
Project("{FAE04EC0-301F-11D3-BF4B-00C04F79EFBC}") = "Dan1", "Dan1.csproj", "{FFEE2E82-C0CE-46B8-BE03-A26DCAFEFA83}"
EndProject
Global
	GlobalSection(SolutionConfigurationPlatforms) = preSolution
		Debug|Any CPU = Debug|Any CPU
		Release|Any CPU = Release|Any CPU
	EndGlobalSection
	GlobalSection(ProjectConfigurationPlatforms) = postSolution
		{FFEE2E82-C0CE-46B8-BE03-A26DCAFEFA83}.Debug|Any CPU.ActiveCfg = Debug|Any CPU
		{FFEE2E82-C0CE-46B8-BE03-A26DCAFEFA83}.Debug|Any CPU.Build.0 = Debug|Any CPU
		{FFEE2E82-C0CE-46B8-BE03-A26DCAFEFA83}.Release|Any CPU.ActiveCfg = Release|Any CPU
		{FFEE2E82-C0CE-46B8-BE03-A26DCAFEFA83}.Release|Any CPU.Build.0 = Release|Any CPU
	EndGlobalSection
	GlobalSection(SolutionProperties) = preSolution
		HideSolutionNode = FALSE
	EndGlobalSection
	GlobalSection(ExtensibilityGlobals) = postSolution
		SolutionGuid = {B4AC93AC-C0CF-46D2-AAB0-E4E564C5E90E}
	EndGlobalSection
EndGlobal
